// !$*UTF8*$!
{
	archiveVersion = 1;
	classes = {
	};
	objectVersion = 56;
	objects = {

/* Begin PBXBuildFile section */
		DC6ECD782A4F438100B95802 /* ReactionTimeApp.swift in Sources */ = {isa = PBXBuildFile; fileRef = DC6ECD772A4F438100B95802 /* ReactionTimeApp.swift */; };
		DC6ECD7A2A4F438100B95802 /* ContentView.swift in Sources */ = {isa = PBXBuildFile; fileRef = DC6ECD792A4F438100B95802 /* ContentView.swift */; };
		DC6ECD8A2A4F438300B95802 /* ReactionTimeTests.swift in Sources */ = {isa = PBXBuildFile; fileRef = DC6ECD892A4F438300B95802 /* ReactionTimeTests.swift */; };
		DC6ECD942A4F438300B95802 /* ReactionTimeUITests.swift in Sources */ = {isa = PBXBuildFile; fileRef = DC6ECD932A4F438300B95802 /* ReactionTimeUITests.swift */; };
		DC6ECD962A4F438300B95802 /* ReactionTimeUITestsLaunchTests.swift in Sources */ = {isa = PBXBuildFile; fileRef = DC6ECD952A4F438300B95802 /* ReactionTimeUITestsLaunchTests.swift */; };
/* End PBXBuildFile section */

/* Begin PBXContainerItemProxy section */
		DC6ECD862A4F438300B95802 /* PBXContainerItemProxy */ = {
			isa = PBXContainerItemProxy;
			containerPortal = DC6ECD6C2A4F438000B95802 /* Project object */;
			proxyType = 1;
			remoteGlobalIDString = DC6ECD732A4F438100B95802;
			remoteInfo = ReactionTime;
		};
		DC6ECD902A4F438300B95802 /* PBXContainerItemProxy */ = {
			isa = PBXContainerItemProxy;
			containerPortal = DC6ECD6C2A4F438000B95802 /* Project object */;
			proxyType = 1;
			remoteGlobalIDString = DC6ECD732A4F438100B95802;
			remoteInfo = ReactionTime;
		};
/* End PBXContainerItemProxy section */

/* Begin PBXFileReference section */
		DC6ECD742A4F438100B95802 /* ReactionTime.app */ = {isa = PBXFileReference; explicitFileType = wrapper.application; includeInIndex = 0; path = ReactionTime.app; sourceTree = BUILT_PRODUCTS_DIR; };
		DC6ECD772A4F438100B95802 /* ReactionTimeApp.swift */ = {isa = PBXFileReference; lastKnownFileType = sourcecode.swift; path = ReactionTimeApp.swift; sourceTree = "<group>"; };
		DC6ECD792A4F438100B95802 /* ContentView.swift */ = {isa = PBXFileReference; lastKnownFileType = sourcecode.swift; path = ContentView.swift; sourceTree = "<group>"; };
		DC6ECD7D2A4F438300B95802 /* ReactionTime.entitlements */ = {isa = PBXFileReference; lastKnownFileType = text.plist.entitlements; path = ReactionTime.entitlements; sourceTree = "<group>"; };
		DC6ECD852A4F438300B95802 /* ReactionTimeTests.xctest */ = {isa = PBXFileReference; explicitFileType = wrapper.cfbundle; includeInIndex = 0; path = ReactionTimeTests.xctest; sourceTree = BUILT_PRODUCTS_DIR; };
		DC6ECD892A4F438300B95802 /* ReactionTimeTests.swift */ = {isa = PBXFileReference; lastKnownFileType = sourcecode.swift; path = ReactionTimeTests.swift; sourceTree = "<group>"; };
		DC6ECD8F2A4F438300B95802 /* ReactionTimeUITests.xctest */ = {isa = PBXFileReference; explicitFileType = wrapper.cfbundle; includeInIndex = 0; path = ReactionTimeUITests.xctest; sourceTree = BUILT_PRODUCTS_DIR; };
		DC6ECD932A4F438300B95802 /* ReactionTimeUITests.swift */ = {isa = PBXFileReference; lastKnownFileType = sourcecode.swift; path = ReactionTimeUITests.swift; sourceTree = "<group>"; };
		DC6ECD952A4F438300B95802 /* ReactionTimeUITestsLaunchTests.swift */ = {isa = PBXFileReference; lastKnownFileType = sourcecode.swift; path = ReactionTimeUITestsLaunchTests.swift; sourceTree = "<group>"; };
/* End PBXFileReference section */

/* Begin PBXFrameworksBuildPhase section */
		DC6ECD712A4F438100B95802 /* Frameworks */ = {
			isa = PBXFrameworksBuildPhase;
			buildActionMask = 2147483647;
			files = (
			);
			runOnlyForDeploymentPostprocessing = 0;
		};
		DC6ECD822A4F438300B95802 /* Frameworks */ = {
			isa = PBXFrameworksBuildPhase;
			buildActionMask = 2147483647;
			files = (
			);
			runOnlyForDeploymentPostprocessing = 0;
		};
		DC6ECD8C2A4F438300B95802 /* Frameworks */ = {
			isa = PBXFrameworksBuildPhase;
			buildActionMask = 2147483647;
			files = (
			);
			runOnlyForDeploymentPostprocessing = 0;
		};
/* End PBXFrameworksBuildPhase section */

/* Begin PBXGroup section */
		DC6ECD6B2A4F438000B95802 = {
			isa = PBXGroup;
			children = (
				DC6ECD762A4F438100B95802 /* ReactionTime */,
				DC6ECD882A4F438300B95802 /* ReactionTimeTests */,
				DC6ECD922A4F438300B95802 /* ReactionTimeUITests */,
				DC6ECD752A4F438100B95802 /* Products */,
			);
			sourceTree = "<group>";
		};
		DC6ECD752A4F438100B95802 /* Products */ = {
			isa = PBXGroup;
			children = (
				DC6ECD742A4F438100B95802 /* ReactionTime.app */,
				DC6ECD852A4F438300B95802 /* ReactionTimeTests.xctest */,
				DC6ECD8F2A4F438300B95802 /* ReactionTimeUITests.xctest */,
			);
			name = Products;
			sourceTree = "<group>";
		};
		DC6ECD762A4F438100B95802 /* ReactionTime */ = {
			isa = PBXGroup;
			children = (
				DC6ECD772A4F438100B95802 /* ReactionTimeApp.swift */,
				DC6ECD792A4F438100B95802 /* ContentView.swift */,
				DC6ECD7D2A4F438300B95802 /* ReactionTime.entitlements */,
				DC6ECD7E2A4F438300B95802 /* Preview Content */,
			);
			path = ReactionTime;
			sourceTree = "<group>";
		};
		DC6ECD7E2A4F438300B95802 /* Preview Content */ = {
			isa = PBXGroup;
			children = (
			);
			path = "Preview Content";
			sourceTree = "<group>";
		};
		DC6ECD882A4F438300B95802 /* ReactionTimeTests */ = {
			isa = PBXGroup;
			children = (
				DC6ECD892A4F438300B95802 /* ReactionTimeTests.swift */,
			);
			path = ReactionTimeTests;
			sourceTree = "<group>";
		};
		DC6ECD922A4F438300B95802 /* ReactionTimeUITests */ = {
			isa = PBXGroup;
			children = (
				DC6ECD932A4F438300B95802 /* ReactionTimeUITests.swift */,
				DC6ECD952A4F438300B95802 /* ReactionTimeUITestsLaunchTests.swift */,
			);
			path = ReactionTimeUITests;
			sourceTree = "<group>";
		};
/* End PBXGroup section */

/* Begin PBXNativeTarget section */
		DC6ECD732A4F438100B95802 /* ReactionTime */ = {
			isa = PBXNativeTarget;
			buildConfigurationList = DC6ECD992A4F438300B95802 /* Build configuration list for PBXNativeTarget "ReactionTime" */;
			buildPhases = (
				DC6ECD702A4F438100B95802 /* Sources */,
				DC6ECD712A4F438100B95802 /* Frameworks */,
				DC6ECD722A4F438100B95802 /* Resources */,
			);
			buildRules = (
			);
			dependencies = (
			);
			name = ReactionTime;
			productName = ReactionTime;
			productReference = DC6ECD742A4F438100B95802 /* ReactionTime.app */;
			productType = "com.apple.product-type.application";
		};
		DC6ECD842A4F438300B95802 /* ReactionTimeTests */ = {
			isa = PBXNativeTarget;
			buildConfigurationList = DC6ECD9C2A4F438300B95802 /* Build configuration list for PBXNativeTarget "ReactionTimeTests" */;
			buildPhases = (
				DC6ECD812A4F438300B95802 /* Sources */,
				DC6ECD822A4F438300B95802 /* Frameworks */,
				DC6ECD832A4F438300B95802 /* Resources */,
			);
			buildRules = (
			);
			dependencies = (
				DC6ECD872A4F438300B95802 /* PBXTargetDependency */,
			);
			name = ReactionTimeTests;
			productName = ReactionTimeTests;
			productReference = DC6ECD852A4F438300B95802 /* ReactionTimeTests.xctest */;
			productType = "com.apple.product-type.bundle.unit-test";
		};
		DC6ECD8E2A4F438300B95802 /* ReactionTimeUITests */ = {
			isa = PBXNativeTarget;
			buildConfigurationList = DC6ECD9F2A4F438300B95802 /* Build configuration list for PBXNativeTarget "ReactionTimeUITests" */;
			buildPhases = (
				DC6ECD8B2A4F438300B95802 /* Sources */,
				DC6ECD8C2A4F438300B95802 /* Frameworks */,
				DC6ECD8D2A4F438300B95802 /* Resources */,
			);
			buildRules = (
			);
			dependencies = (
				DC6ECD912A4F438300B95802 /* PBXTargetDependency */,
			);
			name = ReactionTimeUITests;
			productName = ReactionTimeUITests;
			productReference = DC6ECD8F2A4F438300B95802 /* ReactionTimeUITests.xctest */;
			productType = "com.apple.product-type.bundle.ui-testing";
		};
/* End PBXNativeTarget section */

/* Begin PBXProject section */
		DC6ECD6C2A4F438000B95802 /* Project object */ = {
			isa = PBXProject;
			attributes = {
				BuildIndependentTargetsInParallel = 1;
				LastSwiftUpdateCheck = 1430;
				LastUpgradeCheck = 1430;
				TargetAttributes = {
					DC6ECD732A4F438100B95802 = {
						CreatedOnToolsVersion = 14.3.1;
					};
					DC6ECD842A4F438300B95802 = {
						CreatedOnToolsVersion = 14.3.1;
						TestTargetID = DC6ECD732A4F438100B95802;
					};
					DC6ECD8E2A4F438300B95802 = {
						CreatedOnToolsVersion = 14.3.1;
						TestTargetID = DC6ECD732A4F438100B95802;
					};
				};
			};
			buildConfigurationList = DC6ECD6F2A4F438000B95802 /* Build configuration list for PBXProject "ReactionTime" */;
			compatibilityVersion = "Xcode 14.0";
			developmentRegion = en;
			hasScannedForEncodings = 0;
			knownRegions = (
				en,
				Base,
			);
			mainGroup = DC6ECD6B2A4F438000B95802;
			productRefGroup = DC6ECD752A4F438100B95802 /* Products */;
			projectDirPath = "";
			projectRoot = "";
			targets = (
				DC6ECD732A4F438100B95802 /* ReactionTime */,
				DC6ECD842A4F438300B95802 /* ReactionTimeTests */,
				DC6ECD8E2A4F438300B95802 /* ReactionTimeUITests */,
			);
		};
/* End PBXProject section */

/* Begin PBXResourcesBuildPhase section */
		DC6ECD722A4F438100B95802 /* Resources */ = {
			isa = PBXResourcesBuildPhase;
			buildActionMask = 2147483647;
			files = (
			);
			runOnlyForDeploymentPostprocessing = 0;
		};
		DC6ECD832A4F438300B95802 /* Resources */ = {
			isa = PBXResourcesBuildPhase;
			buildActionMask = 2147483647;
			files = (
			);
			runOnlyForDeploymentPostprocessing = 0;
		};
		DC6ECD8D2A4F438300B95802 /* Resources */ = {
			isa = PBXResourcesBuildPhase;
			buildActionMask = 2147483647;
			files = (
			);
			runOnlyForDeploymentPostprocessing = 0;
		};
/* End PBXResourcesBuildPhase section */

/* Begin PBXSourcesBuildPhase section */
		DC6ECD702A4F438100B95802 /* Sources */ = {
			isa = PBXSourcesBuildPhase;
			buildActionMask = 2147483647;
			files = (
				DC6ECD7A2A4F438100B95802 /* ContentView.swift in Sources */,
				DC6ECD782A4F438100B95802 /* ReactionTimeApp.swift in Sources */,
			);
			runOnlyForDeploymentPostprocessing = 0;
		};
		DC6ECD812A4F438300B95802 /* Sources */ = {
			isa = PBXSourcesBuildPhase;
			buildActionMask = 2147483647;
			files = (
				DC6ECD8A2A4F438300B95802 /* ReactionTimeTests.swift in Sources */,
			);
			runOnlyForDeploymentPostprocessing = 0;
		};
		DC6ECD8B2A4F438300B95802 /* Sources */ = {
			isa = PBXSourcesBuildPhase;
			buildActionMask = 2147483647;
			files = (
				DC6ECD962A4F438300B95802 /* ReactionTimeUITestsLaunchTests.swift in Sources */,
				DC6ECD942A4F438300B95802 /* ReactionTimeUITests.swift in Sources */,
			);
			runOnlyForDeploymentPostprocessing = 0;
		};
/* End PBXSourcesBuildPhase section */

/* Begin PBXTargetDependency section */
		DC6ECD872A4F438300B95802 /* PBXTargetDependency */ = {
			isa = PBXTargetDependency;
			target = DC6ECD732A4F438100B95802 /* ReactionTime */;
			targetProxy = DC6ECD862A4F438300B95802 /* PBXContainerItemProxy */;
		};
		DC6ECD912A4F438300B95802 /* PBXTargetDependency */ = {
			isa = PBXTargetDependency;
			target = DC6ECD732A4F438100B95802 /* ReactionTime */;
			targetProxy = DC6ECD902A4F438300B95802 /* PBXContainerItemProxy */;
		};
/* End PBXTargetDependency section */

/* Begin XCBuildConfiguration section */
		DC6ECD972A4F438300B95802 /* Debug */ = {
			isa = XCBuildConfiguration;
			buildSettings = {
				ALWAYS_SEARCH_USER_PATHS = NO;
				CLANG_ANALYZER_NONNULL = YES;
				CLANG_ANALYZER_NUMBER_OBJECT_CONVERSION = YES_AGGRESSIVE;
				CLANG_CXX_LANGUAGE_STANDARD = "gnu++20";
				CLANG_ENABLE_MODULES = YES;
				CLANG_ENABLE_OBJC_ARC = YES;
				CLANG_ENABLE_OBJC_WEAK = YES;
				CLANG_WARN_BLOCK_CAPTURE_AUTORELEASING = YES;
				CLANG_WARN_BOOL_CONVERSION = YES;
				CLANG_WARN_COMMA = YES;
				CLANG_WARN_CONSTANT_CONVERSION = YES;
				CLANG_WARN_DEPRECATED_OBJC_IMPLEMENTATIONS = YES;
				CLANG_WARN_DIRECT_OBJC_ISA_USAGE = YES_ERROR;
				CLANG_WARN_DOCUMENTATION_COMMENTS = YES;
				CLANG_WARN_EMPTY_BODY = YES;
				CLANG_WARN_ENUM_CONVERSION = YES;
				CLANG_WARN_INFINITE_RECURSION = YES;
				CLANG_WARN_INT_CONVERSION = YES;
				CLANG_WARN_NON_LITERAL_NULL_CONVERSION = YES;
				CLANG_WARN_OBJC_IMPLICIT_RETAIN_SELF = YES;
				CLANG_WARN_OBJC_LITERAL_CONVERSION = YES;
				CLANG_WARN_OBJC_ROOT_CLASS = YES_ERROR;
				CLANG_WARN_QUOTED_INCLUDE_IN_FRAMEWORK_HEADER = YES;
				CLANG_WARN_RANGE_LOOP_ANALYSIS = YES;
				CLANG_WARN_STRICT_PROTOTYPES = YES;
				CLANG_WARN_SUSPICIOUS_MOVE = YES;
				CLANG_WARN_UNGUARDED_AVAILABILITY = YES_AGGRESSIVE;
				CLANG_WARN_UNREACHABLE_CODE = YES;
				CLANG_WARN__DUPLICATE_METHOD_MATCH = YES;
				COPY_PHASE_STRIP = NO;
				DEBUG_INFORMATION_FORMAT = dwarf;
				ENABLE_STRICT_OBJC_MSGSEND = YES;
				ENABLE_TESTABILITY = YES;
				GCC_C_LANGUAGE_STANDARD = gnu11;
				GCC_DYNAMIC_NO_PIC = NO;
				GCC_NO_COMMON_BLOCKS = YES;
				GCC_OPTIMIZATION_LEVEL = 0;
				GCC_PREPROCESSOR_DEFINITIONS = (
					"DEBUG=1",
					"$(inherited)",
				);
				GCC_WARN_64_TO_32_BIT_CONVERSION = YES;
				GCC_WARN_ABOUT_RETURN_TYPE = YES_ERROR;
				GCC_WARN_UNDECLARED_SELECTOR = YES;
				GCC_WARN_UNINITIALIZED_AUTOS = YES_AGGRESSIVE;
				GCC_WARN_UNUSED_FUNCTION = YES;
				GCC_WARN_UNUSED_VARIABLE = YES;
				MTL_ENABLE_DEBUG_INFO = INCLUDE_SOURCE;
				MTL_FAST_MATH = YES;
				ONLY_ACTIVE_ARCH = YES;
				SWIFT_ACTIVE_COMPILATION_CONDITIONS = DEBUG;
				SWIFT_OPTIMIZATION_LEVEL = "-Onone";
			};
			name = Debug;
		};
		DC6ECD982A4F438300B95802 /* Release */ = {
			isa = XCBuildConfiguration;
			buildSettings = {
				ALWAYS_SEARCH_USER_PATHS = NO;
				CLANG_ANALYZER_NONNULL = YES;
				CLANG_ANALYZER_NUMBER_OBJECT_CONVERSION = YES_AGGRESSIVE;
				CLANG_CXX_LANGUAGE_STANDARD = "gnu++20";
				CLANG_ENABLE_MODULES = YES;
				CLANG_ENABLE_OBJC_ARC = YES;
				CLANG_ENABLE_OBJC_WEAK = YES;
				CLANG_WARN_BLOCK_CAPTURE_AUTORELEASING = YES;
				CLANG_WARN_BOOL_CONVERSION = YES;
				CLANG_WARN_COMMA = YES;
				CLANG_WARN_CONSTANT_CONVERSION = YES;
				CLANG_WARN_DEPRECATED_OBJC_IMPLEMENTATIONS = YES;
				CLANG_WARN_DIRECT_OBJC_ISA_USAGE = YES_ERROR;
				CLANG_WARN_DOCUMENTATION_COMMENTS = YES;
				CLANG_WARN_EMPTY_BODY = YES;
				CLANG_WARN_ENUM_CONVERSION = YES;
				CLANG_WARN_INFINITE_RECURSION = YES;
				CLANG_WARN_INT_CONVERSION = YES;
				CLANG_WARN_NON_LITERAL_NULL_CONVERSION = YES;
				CLANG_WARN_OBJC_IMPLICIT_RETAIN_SELF = YES;
				CLANG_WARN_OBJC_LITERAL_CONVERSION = YES;
				CLANG_WARN_OBJC_ROOT_CLASS = YES_ERROR;
				CLANG_WARN_QUOTED_INCLUDE_IN_FRAMEWORK_HEADER = YES;
				CLANG_WARN_RANGE_LOOP_ANALYSIS = YES;
				CLANG_WARN_STRICT_PROTOTYPES = YES;
				CLANG_WARN_SUSPICIOUS_MOVE = YES;
				CLANG_WARN_UNGUARDED_AVAILABILITY = YES_AGGRESSIVE;
				CLANG_WARN_UNREACHABLE_CODE = YES;
				CLANG_WARN__DUPLICATE_METHOD_MATCH = YES;
				COPY_PHASE_STRIP = NO;
				DEBUG_INFORMATION_FORMAT = "dwarf-with-dsym";
				ENABLE_NS_ASSERTIONS = NO;
				ENABLE_STRICT_OBJC_MSGSEND = YES;
				GCC_C_LANGUAGE_STANDARD = gnu11;
				GCC_NO_COMMON_BLOCKS = YES;
				GCC_WARN_64_TO_32_BIT_CONVERSION = YES;
				GCC_WARN_ABOUT_RETURN_TYPE = YES_ERROR;
				GCC_WARN_UNDECLARED_SELECTOR = YES;
				GCC_WARN_UNINITIALIZED_AUTOS = YES_AGGRESSIVE;
				GCC_WARN_UNUSED_FUNCTION = YES;
				GCC_WARN_UNUSED_VARIABLE = YES;
				MTL_ENABLE_DEBUG_INFO = NO;
				MTL_FAST_MATH = YES;
				SWIFT_COMPILATION_MODE = wholemodule;
				SWIFT_OPTIMIZATION_LEVEL = "-O";
			};
			name = Release;
		};
		DC6ECD9A2A4F438300B95802 /* Debug */ = {
			isa = XCBuildConfiguration;
			buildSettings = {
				ASSETCATALOG_COMPILER_APPICON_NAME = AppIcon;
				ASSETCATALOG_COMPILER_GLOBAL_ACCENT_COLOR_NAME = AccentColor;
				CODE_SIGN_ENTITLEMENTS = ReactionTime/ReactionTime.entitlements;
				CODE_SIGN_STYLE = Automatic;
				CURRENT_PROJECT_VERSION = 1;
				DEVELOPMENT_ASSET_PATHS = "\"ReactionTime/Preview Content\"";
				DEVELOPMENT_TEAM = 9KTV75G5K9;
				ENABLE_PREVIEWS = YES;
				GENERATE_INFOPLIST_FILE = YES;
				INFOPLIST_KEY_LSApplicationCategoryType = "public.app-category.arcade-games";
				"INFOPLIST_KEY_UIApplicationSceneManifest_Generation[sdk=iphoneos*]" = YES;
				"INFOPLIST_KEY_UIApplicationSceneManifest_Generation[sdk=iphonesimulator*]" = YES;
				"INFOPLIST_KEY_UIApplicationSupportsIndirectInputEvents[sdk=iphoneos*]" = YES;
				"INFOPLIST_KEY_UIApplicationSupportsIndirectInputEvents[sdk=iphonesimulator*]" = YES;
				"INFOPLIST_KEY_UILaunchScreen_Generation[sdk=iphoneos*]" = YES;
				"INFOPLIST_KEY_UILaunchScreen_Generation[sdk=iphonesimulator*]" = YES;
				"INFOPLIST_KEY_UIStatusBarStyle[sdk=iphoneos*]" = UIStatusBarStyleDefault;
				"INFOPLIST_KEY_UIStatusBarStyle[sdk=iphonesimulator*]" = UIStatusBarStyleDefault;
				INFOPLIST_KEY_UISupportedInterfaceOrientations_iPad = "UIInterfaceOrientationPortrait UIInterfaceOrientationPortraitUpsideDown UIInterfaceOrientationLandscapeLeft UIInterfaceOrientationLandscapeRight";
				INFOPLIST_KEY_UISupportedInterfaceOrientations_iPhone = "UIInterfaceOrientationPortrait UIInterfaceOrientationLandscapeLeft UIInterfaceOrientationLandscapeRight";
				IPHONEOS_DEPLOYMENT_TARGET = 16.4;
				LD_RUNPATH_SEARCH_PATHS = "@executable_path/Frameworks";
				"LD_RUNPATH_SEARCH_PATHS[sdk=macosx*]" = "@executable_path/../Frameworks";
				MACOSX_DEPLOYMENT_TARGET = 13.3;
				MARKETING_VERSION = 1.0;
				PRODUCT_BUNDLE_IDENTIFIER = com.tom.ReactionTime;
				PRODUCT_NAME = "$(TARGET_NAME)";
				SDKROOT = auto;
				SUPPORTED_PLATFORMS = "iphoneos iphonesimulator macosx";
				SWIFT_EMIT_LOC_STRINGS = YES;
				SWIFT_VERSION = 5.0;
				TARGETED_DEVICE_FAMILY = "1,2";
			};
			name = Debug;
		};
		DC6ECD9B2A4F438300B95802 /* Release */ = {
			isa = XCBuildConfiguration;
			buildSettings = {
				ASSETCATALOG_COMPILER_APPICON_NAME = AppIcon;
				ASSETCATALOG_COMPILER_GLOBAL_ACCENT_COLOR_NAME = AccentColor;
				CODE_SIGN_ENTITLEMENTS = ReactionTime/ReactionTime.entitlements;
				CODE_SIGN_STYLE = Automatic;
				CURRENT_PROJECT_VERSION = 1;
				DEVELOPMENT_ASSET_PATHS = "\"ReactionTime/Preview Content\"";
				DEVELOPMENT_TEAM = 9KTV75G5K9;
				ENABLE_PREVIEWS = YES;
				GENERATE_INFOPLIST_FILE = YES;
				INFOPLIST_KEY_LSApplicationCategoryType = "public.app-category.arcade-games";
				"INFOPLIST_KEY_UIApplicationSceneManifest_Generation[sdk=iphoneos*]" = YES;
				"INFOPLIST_KEY_UIApplicationSceneManifest_Generation[sdk=iphonesimulator*]" = YES;
				"INFOPLIST_KEY_UIApplicationSupportsIndirectInputEvents[sdk=iphoneos*]" = YES;
				"INFOPLIST_KEY_UIApplicationSupportsIndirectInputEvents[sdk=iphonesimulator*]" = YES;
				"INFOPLIST_KEY_UILaunchScreen_Generation[sdk=iphoneos*]" = YES;
				"INFOPLIST_KEY_UILaunchScreen_Generation[sdk=iphonesimulator*]" = YES;
				"INFOPLIST_KEY_UIStatusBarStyle[sdk=iphoneos*]" = UIStatusBarStyleDefault;
				"INFOPLIST_KEY_UIStatusBarStyle[sdk=iphonesimulator*]" = UIStatusBarStyleDefault;
				INFOPLIST_KEY_UISupportedInterfaceOrientations_iPad = "UIInterfaceOrientationPortrait UIInterfaceOrientationPortraitUpsideDown UIInterfaceOrientationLandscapeLeft UIInterfaceOrientationLandscapeRight";
				INFOPLIST_KEY_UISupportedInterfaceOrientations_iPhone = "UIInterfaceOrientationPortrait UIInterfaceOrientationLandscapeLeft UIInterfaceOrientationLandscapeRight";
				IPHONEOS_DEPLOYMENT_TARGET = 16.4;
				LD_RUNPATH_SEARCH_PATHS = "@executable_path/Frameworks";
				"LD_RUNPATH_SEARCH_PATHS[sdk=macosx*]" = "@executable_path/../Frameworks";
				MACOSX_DEPLOYMENT_TARGET = 13.3;
				MARKETING_VERSION = 1.0;
				PRODUCT_BUNDLE_IDENTIFIER = com.tom.ReactionTime;
				PRODUCT_NAME = "$(TARGET_NAME)";
				SDKROOT = auto;
				SUPPORTED_PLATFORMS = "iphoneos iphonesimulator macosx";
				SWIFT_EMIT_LOC_STRINGS = YES;
				SWIFT_VERSION = 5.0;
				TARGETED_DEVICE_FAMILY = "1,2";
			};
			name = Release;
		};
		DC6ECD9D2A4F438300B95802 /* Debug */ = {
			isa = XCBuildConfiguration;
			buildSettings = {
				ALWAYS_EMBED_SWIFT_STANDARD_LIBRARIES = YES;
				BUNDLE_LOADER = "$(TEST_HOST)";
				CODE_SIGN_STYLE = Automatic;
				CURRENT_PROJECT_VERSION = 1;
				GENERATE_INFOPLIST_FILE = YES;
				IPHONEOS_DEPLOYMENT_TARGET = 16.4;
				MACOSX_DEPLOYMENT_TARGET = 13.3;
				MARKETING_VERSION = 1.0;
				PRODUCT_BUNDLE_IDENTIFIER = com.tom.ReactionTimeTests;
				PRODUCT_NAME = "$(TARGET_NAME)";
				SDKROOT = auto;
				SUPPORTED_PLATFORMS = "iphoneos iphonesimulator macosx";
				SWIFT_EMIT_LOC_STRINGS = NO;
				SWIFT_VERSION = 5.0;
				TARGETED_DEVICE_FAMILY = "1,2";
				TEST_HOST = "$(BUILT_PRODUCTS_DIR)/ReactionTime.app/$(BUNDLE_EXECUTABLE_FOLDER_PATH)/ReactionTime";
			};
			name = Debug;
		};
		DC6ECD9E2A4F438300B95802 /* Release */ = {
			isa = XCBuildConfiguration;
			buildSettings = {
				ALWAYS_EMBED_SWIFT_STANDARD_LIBRARIES = YES;
				BUNDLE_LOADER = "$(TEST_HOST)";
				CODE_SIGN_STYLE = Automatic;
				CURRENT_PROJECT_VERSION = 1;
				GENERATE_INFOPLIST_FILE = YES;
				IPHONEOS_DEPLOYMENT_TARGET = 16.4;
				MACOSX_DEPLOYMENT_TARGET = 13.3;
				MARKETING_VERSION = 1.0;
				PRODUCT_BUNDLE_IDENTIFIER = com.tom.ReactionTimeTests;
				PRODUCT_NAME = "$(TARGET_NAME)";
				SDKROOT = auto;
				SUPPORTED_PLATFORMS = "iphoneos iphonesimulator macosx";
				SWIFT_EMIT_LOC_STRINGS = NO;
				SWIFT_VERSION = 5.0;
				TARGETED_DEVICE_FAMILY = "1,2";
				TEST_HOST = "$(BUILT_PRODUCTS_DIR)/ReactionTime.app/$(BUNDLE_EXECUTABLE_FOLDER_PATH)/ReactionTime";
			};
			name = Release;
		};
		DC6ECDA02A4F438300B95802 /* Debug */ = {
			isa = XCBuildConfiguration;
			buildSettings = {
				ALWAYS_EMBED_SWIFT_STANDARD_LIBRARIES = YES;
				CODE_SIGN_STYLE = Automatic;
				CURRENT_PROJECT_VERSION = 1;
				GENERATE_INFOPLIST_FILE = YES;
				IPHONEOS_DEPLOYMENT_TARGET = 16.4;
				MACOSX_DEPLOYMENT_TARGET = 13.3;
				MARKETING_VERSION = 1.0;
				PRODUCT_BUNDLE_IDENTIFIER = com.tom.ReactionTimeUITests;
				PRODUCT_NAME = "$(TARGET_NAME)";
				SDKROOT = auto;
				SUPPORTED_PLATFORMS = "iphoneos iphonesimulator macosx";
				SWIFT_EMIT_LOC_STRINGS = NO;
				SWIFT_VERSION = 5.0;
				TARGETED_DEVICE_FAMILY = "1,2";
				TEST_TARGET_NAME = ReactionTime;
			};
			name = Debug;
		};
		DC6ECDA12A4F438300B95802 /* Release */ = {
			isa = XCBuildConfiguration;
			buildSettings = {
				ALWAYS_EMBED_SWIFT_STANDARD_LIBRARIES = YES;
				CODE_SIGN_STYLE = Automatic;
				CURRENT_PROJECT_VERSION = 1;
				GENERATE_INFOPLIST_FILE = YES;
				IPHONEOS_DEPLOYMENT_TARGET = 16.4;
				MACOSX_DEPLOYMENT_TARGET = 13.3;
				MARKETING_VERSION = 1.0;
				PRODUCT_BUNDLE_IDENTIFIER = com.tom.ReactionTimeUITests;
				PRODUCT_NAME = "$(TARGET_NAME)";
				SDKROOT = auto;
				SUPPORTED_PLATFORMS = "iphoneos iphonesimulator macosx";
				SWIFT_EMIT_LOC_STRINGS = NO;
				SWIFT_VERSION = 5.0;
				TARGETED_DEVICE_FAMILY = "1,2";
				TEST_TARGET_NAME = ReactionTime;
			};
			name = Release;
		};
/* End XCBuildConfiguration section */

/* Begin XCConfigurationList section */
		DC6ECD6F2A4F438000B95802 /* Build configuration list for PBXProject "ReactionTime" */ = {
			isa = XCConfigurationList;
			buildConfigurations = (
				DC6ECD972A4F438300B95802 /* Debug */,
				DC6ECD982A4F438300B95802 /* Release */,
			);
			defaultConfigurationIsVisible = 0;
			defaultConfigurationName = Release;
		};
		DC6ECD992A4F438300B95802 /* Build configuration list for PBXNativeTarget "ReactionTime" */ = {
			isa = XCConfigurationList;
			buildConfigurations = (
				DC6ECD9A2A4F438300B95802 /* Debug */,
				DC6ECD9B2A4F438300B95802 /* Release */,
			);
			defaultConfigurationIsVisible = 0;
			defaultConfigurationName = Release;
		};
		DC6ECD9C2A4F438300B95802 /* Build configuration list for PBXNativeTarget "ReactionTimeTests" */ = {
			isa = XCConfigurationList;
			buildConfigurations = (
				DC6ECD9D2A4F438300B95802 /* Debug */,
				DC6ECD9E2A4F438300B95802 /* Release */,
			);
			defaultConfigurationIsVisible = 0;
			defaultConfigurationName = Release;
		};
		DC6ECD9F2A4F438300B95802 /* Build configuration list for PBXNativeTarget "ReactionTimeUITests" */ = {
			isa = XCConfigurationList;
			buildConfigurations = (
				DC6ECDA02A4F438300B95802 /* Debug */,
				DC6ECDA12A4F438300B95802 /* Release */,
			);
			defaultConfigurationIsVisible = 0;
			defaultConfigurationName = Release;
		};
/* End XCConfigurationList section */
	};
	rootObject = DC6ECD6C2A4F438000B95802 /* Project object */;
}
